# THIS IS AN AUTOGENERATED FILE. DO NOT EDIT THIS FILE DIRECTLY.
# yarn lockfile v1


framer-motion@^12.23.6:
  version "12.23.6"
  resolved "https://registry.yarnpkg.com/framer-motion/-/framer-motion-12.23.6.tgz#29a78d0b05081fda3fdfd2f3eb4f570d7989d2e8"
  integrity sha512-dsJ389QImVE3lQvM8Mnk99/j8tiZDM/7706PCqvkQ8sSCnpmWxsgX+g0lj7r5OBVL0U36pIecCTBoIWcM2RuKw==
  dependencies:
    motion-dom "^12.23.6"
    motion-utils "^12.23.6"
    tslib "^2.4.0"

motion-dom@^12.23.6:
  version "12.23.6"
  resolved "https://registry.yarnpkg.com/motion-dom/-/motion-dom-12.23.6.tgz#03856178d92a3b460797b57fa3b20e06847f8dab"
  integrity sha512-G2w6Nw7ZOVSzcQmsdLc0doMe64O/Sbuc2bVAbgMz6oP/6/pRStKRiVRV4bQfHp5AHYAKEGhEdVHTM+R3FDgi5w==
  dependencies:
    motion-utils "^12.23.6"

motion-utils@^12.23.6:
  version "12.23.6"
  resolved "https://registry.yarnpkg.com/motion-utils/-/motion-utils-12.23.6.tgz#fafef80b4ea85122dd0d6c599a0c63d72881f312"
  integrity sha512-eAWoPgr4eFEOFfg2WjIsMoqJTW6Z8MTUCgn/GZ3VRpClWBdnbjryiA3ZSNLyxCTmCQx4RmYX6jX1iWHbenUPNQ==

react-masonry-css@^1.0.16:
  version "1.0.16"
  resolved "https://registry.yarnpkg.com/react-masonry-css/-/react-masonry-css-1.0.16.tgz#72b28b4ae3484e250534700860597553a10f1a2c"
  integrity sha512-KSW0hR2VQmltt/qAa3eXOctQDyOu7+ZBevtKgpNDSzT7k5LA/0XntNa9z9HKCdz3QlxmJHglTZ18e4sX4V8zZQ==

tslib@^2.4.0:
  version "2.8.1"
  resolved "https://registry.yarnpkg.com/tslib/-/tslib-2.8.1.tgz#612efe4ed235d567e8aba5f2a5fab70280ade83f"
  integrity sha512-oJFu94HQb+KVduSUQL7wnpmqnfmLsOA/nAh6b6EH0wCEoK0/mPeXU6c3wKDV83MkOuHPRHtSXKKU99IBazS/2w==
